
Microsoft Visual Studio Solution File, Format Version 12.00
# Visual Studio Version 17
VisualStudioVersion = 17.4.33213.308
MinimumVisualStudioVersion = 10.0.40219.1
Project("{FAE04EC0-301F-11D3-BF4B-00C04F79EFBC}") = "EndlessRacer", "EndlessRacer\EndlessRacer.csproj", "{DCC9B95E-F015-43B6-B785-5E6EE53D4052}"
EndProject
Global
	GlobalSection(SolutionConfigurationPlatforms) = preSolution
		Debug|Any CPU = Debug|Any CPU
		Release|Any CPU = Release|Any CPU
	EndGlobalSection
	GlobalSection(ProjectConfigurationPlatforms) = postSolution
		{DCC9B95E-F015-43B6-B785-5E6EE53D4052}.Debug|Any CPU.ActiveCfg = Debug|Any CPU
		{DCC9B95E-F015-43B6-B785-5E6EE53D4052}.Debug|Any CPU.Build.0 = Debug|Any CPU
		{DCC9B95E-F015-43B6-B785-5E6EE53D4052}.Release|Any CPU.ActiveCfg = Release|Any CPU
		{DCC9B95E-F015-43B6-B785-5E6EE53D4052}.Release|Any CPU.Build.0 = Release|Any CPU
	EndGlobalSection
	GlobalSection(SolutionProperties) = preSolution
		HideSolutionNode = FALSE
	EndGlobalSection
	GlobalSection(ExtensibilityGlobals) = postSolution
		SolutionGuid = {6B50E295-E808-44AD-8E34-2A61CBC274E7}
	EndGlobalSection
EndGlobal
